
Microsoft Visual Studio Solution File, Format Version 12.00
# Visual Studio 2013
VisualStudioVersion = 12.0.21005.1
MinimumVisualStudioVersion = 10.0.40219.1
Project("{FAE04EC0-301F-11D3-BF4B-00C04F79EFBC}") = "ThreeTierWinApp", "ThreeTierWinApp\ThreeTierWinApp.csproj", "{FEE564E8-F449-4D5B-B5ED-8BB1287EEC97}"
EndProject
Project("{FAE04EC0-301F-11D3-BF4B-00C04F79EFBC}") = "BusinessTier", "BusinessTier\BusinessTier.csproj", "{7E030D36-D43C-44DB-A2F8-8F7D84738DD7}"
EndProject
Project("{FAE04EC0-301F-11D3-BF4B-00C04F79EFBC}") = "DataAccess", "DataAccess\DataAccess.csproj", "{1ECAB2BD-2074-4AB9-8290-637288B1EFED}"
EndProject
Project("{FAE04EC0-301F-11D3-BF4B-00C04F79EFBC}") = "BusinessObjects", "BusinessObjects\BusinessObjects.csproj", "{4287F9F9-F52D-469C-ABF8-34149882F783}"
EndProject
Global
	GlobalSection(SolutionConfigurationPlatforms) = preSolution
		Debug|Any CPU = Debug|Any CPU
		Release|Any CPU = Release|Any CPU
	EndGlobalSection
	GlobalSection(ProjectConfigurationPlatforms) = postSolution
		{FEE564E8-F449-4D5B-B5ED-8BB1287EEC97}.Debug|Any CPU.ActiveCfg = Debug|Any CPU
		{FEE564E8-F449-4D5B-B5ED-8BB1287EEC97}.Debug|Any CPU.Build.0 = Debug|Any CPU
		{FEE564E8-F449-4D5B-B5ED-8BB1287EEC97}.Release|Any CPU.ActiveCfg = Release|Any CPU
		{FEE564E8-F449-4D5B-B5ED-8BB1287EEC97}.Release|Any CPU.Build.0 = Release|Any CPU
		{7E030D36-D43C-44DB-A2F8-8F7D84738DD7}.Debug|Any CPU.ActiveCfg = Debug|Any CPU
		{7E030D36-D43C-44DB-A2F8-8F7D84738DD7}.Debug|Any CPU.Build.0 = Debug|Any CPU
		{7E030D36-D43C-44DB-A2F8-8F7D84738DD7}.Release|Any CPU.ActiveCfg = Release|Any CPU
		{7E030D36-D43C-44DB-A2F8-8F7D84738DD7}.Release|Any CPU.Build.0 = Release|Any CPU
		{1ECAB2BD-2074-4AB9-8290-637288B1EFED}.Debug|Any CPU.ActiveCfg = Debug|Any CPU
		{1ECAB2BD-2074-4AB9-8290-637288B1EFED}.Debug|Any CPU.Build.0 = Debug|Any CPU
		{1ECAB2BD-2074-4AB9-8290-637288B1EFED}.Release|Any CPU.ActiveCfg = Release|Any CPU
		{1ECAB2BD-2074-4AB9-8290-637288B1EFED}.Release|Any CPU.Build.0 = Release|Any CPU
		{4287F9F9-F52D-469C-ABF8-34149882F783}.Debug|Any CPU.ActiveCfg = Debug|Any CPU
		{4287F9F9-F52D-469C-ABF8-34149882F783}.Debug|Any CPU.Build.0 = Debug|Any CPU
		{4287F9F9-F52D-469C-ABF8-34149882F783}.Release|Any CPU.ActiveCfg = Release|Any CPU
		{4287F9F9-F52D-469C-ABF8-34149882F783}.Release|Any CPU.Build.0 = Release|Any CPU
	EndGlobalSection
	GlobalSection(SolutionProperties) = preSolution
		HideSolutionNode = FALSE
	EndGlobalSection
EndGlobal
